
Microsoft Visual Studio Solution File, Format Version 12.00
# Visual Studio Version 16
VisualStudioVersion = 25.0.1704.2
MinimumVisualStudioVersion = 10.0.40219.1
Project("{FAE04EC0-301F-11D3-BF4B-00C04F79EFBC}") = "UDPServer", "UDPServer\UDPServer.csproj", "{B4089246-64BD-418C-9D70-631B52685CA6}"
EndProject
Global
	GlobalSection(SolutionConfigurationPlatforms) = preSolution
		Debug|Any CPU = Debug|Any CPU
		Release|Any CPU = Release|Any CPU
	EndGlobalSection
	GlobalSection(ProjectConfigurationPlatforms) = postSolution
		{B4089246-64BD-418C-9D70-631B52685CA6}.Debug|Any CPU.ActiveCfg = Debug|Any CPU
		{B4089246-64BD-418C-9D70-631B52685CA6}.Debug|Any CPU.Build.0 = Debug|Any CPU
		{B4089246-64BD-418C-9D70-631B52685CA6}.Release|Any CPU.ActiveCfg = Release|Any CPU
		{B4089246-64BD-418C-9D70-631B52685CA6}.Release|Any CPU.Build.0 = Release|Any CPU
	EndGlobalSection
	GlobalSection(SolutionProperties) = preSolution
		HideSolutionNode = FALSE
	EndGlobalSection
	GlobalSection(ExtensibilityGlobals) = postSolution
		SolutionGuid = {BF2BDB4E-E31A-47A6-B662-C06C0D54A4E9}
	EndGlobalSection
EndGlobal
